<?xml version="1.0" encoding="utf-8"?>
<Project ToolsVersion="4.0" xmlns="http://schemas.microsoft.com/developer/msbuild/2003">
  <ItemGroup>
    <ClCompile Include="Carta.cpp" />
    <ClCompile Include="Cementerio.cpp" />
    <ClCompile Include="Cola.cpp" />
    <ClCompile Include="Lista.cpp" />
    <ClCompile Include="Mazo.cpp" />
    <ClCompile Include="Numero.cpp" />
    <ClCompile Include="Pila.cpp" />
    <ClCompile Include="stdafx.cpp" />
    <ClCompile Include="UNO.cpp" />
    <ClCompile Include="Especial.cpp" />
  </ItemGroup>
  <ItemGroup>
    <ClInclude Include="Carta.h" />
    <ClInclude Include="Cementerio.h" />
    <ClInclude Include="Cola.h" />
    <ClInclude Include="Lista.h" />
    <ClInclude Include="Mazo.h" />
    <ClInclude Include="Nodo.h" />
    <ClInclude Include="Numero.h" />
    <ClInclude Include="Pila.h" />
    <ClInclude Include="resource.h" />
    <ClInclude Include="stdafx.h" />
    <ClInclude Include="targetver.h" />
    <ClInclude Include="Especial.h" />
  </ItemGroup>
  <ItemGroup>
    <ResourceCompile Include="UNO.rc" />
  </ItemGroup>
</Project>